
Microsoft Visual Studio Solution File, Format Version 12.00
# Visual Studio Version 16
VisualStudioVersion = 16.0.29920.165
MinimumVisualStudioVersion = 10.0.40219.1
Project("{8BC9CEB8-8B4A-11D0-8D11-00A0C91BC942}") = "Abstract VM", "Abstract VM\Abstract VM.vcxproj", "{780314DD-54E6-4991-B272-1361831EC609}"
EndProject
Global
	GlobalSection(SolutionConfigurationPlatforms) = preSolution
		Debug|x64 = Debug|x64
		Release|x64 = Release|x64
	EndGlobalSection
	GlobalSection(ProjectConfigurationPlatforms) = postSolution
		{780314DD-54E6-4991-B272-1361831EC609}.Debug|x64.ActiveCfg = Debug|x64
		{780314DD-54E6-4991-B272-1361831EC609}.Debug|x64.Build.0 = Debug|x64
		{780314DD-54E6-4991-B272-1361831EC609}.Release|x64.ActiveCfg = Release|x64
		{780314DD-54E6-4991-B272-1361831EC609}.Release|x64.Build.0 = Release|x64
	EndGlobalSection
	GlobalSection(SolutionProperties) = preSolution
		HideSolutionNode = FALSE
	EndGlobalSection
	GlobalSection(ExtensibilityGlobals) = postSolution
		SolutionGuid = {76B8CE84-39B5-45AE-96BC-18A89D5B9A13}
	EndGlobalSection
EndGlobal
